// !$*UTF8*$!
{
	archiveVersion = 1;
	classes = {
	};
	objectVersion = 56;
	objects = {

/* Begin PBXBuildFile section */
		5A1DC9BC28F1D30B00E24B68 /* PlanRow.swift in Sources */ = {isa = PBXBuildFile; fileRef = 5A1DC9BB28F1D30B00E24B68 /* PlanRow.swift */; };
		5A1DC9C028F1DE3C00E24B68 /* PlanService.swift in Sources */ = {isa = PBXBuildFile; fileRef = 5A1DC9BF28F1DE3C00E24B68 /* PlanService.swift */; };
		5A1DC9C228F1DE4600E24B68 /* PlanItem.swift in Sources */ = {isa = PBXBuildFile; fileRef = 5A1DC9C128F1DE4600E24B68 /* PlanItem.swift */; };
		5A5616C528F5FA5400832CC1 /* UnitType.swift in Sources */ = {isa = PBXBuildFile; fileRef = 5A5616C428F5FA5400832CC1 /* UnitType.swift */; };
		5A5616C728F5FE1A00832CC1 /* Ingredient.swift in Sources */ = {isa = PBXBuildFile; fileRef = 5A5616C628F5FE1A00832CC1 /* Ingredient.swift */; };
		5A567B6C28E89B8D00DB6A6F /* Meal.swift in Sources */ = {isa = PBXBuildFile; fileRef = 5A567B6B28E89B8D00DB6A6F /* Meal.swift */; };
		5A567B7C28E8BEE400DB6A6F /* MealService.swift in Sources */ = {isa = PBXBuildFile; fileRef = 5A567B7B28E8BEE400DB6A6F /* MealService.swift */; };
		5A567B8028E8C58100DB6A6F /* MealList.swift in Sources */ = {isa = PBXBuildFile; fileRef = 5A567B7F28E8C58100DB6A6F /* MealList.swift */; };
		5A567B8228E8C83600DB6A6F /* MealDetail.swift in Sources */ = {isa = PBXBuildFile; fileRef = 5A567B8128E8C83600DB6A6F /* MealDetail.swift */; };
		5A9F76FF28E89513006B6679 /* mealyApp.swift in Sources */ = {isa = PBXBuildFile; fileRef = 5A9F76FE28E89513006B6679 /* mealyApp.swift */; };
		5A9F770128E89513006B6679 /* ContentView.swift in Sources */ = {isa = PBXBuildFile; fileRef = 5A9F770028E89513006B6679 /* ContentView.swift */; };
		5A9F770328E89514006B6679 /* Assets.xcassets in Resources */ = {isa = PBXBuildFile; fileRef = 5A9F770228E89514006B6679 /* Assets.xcassets */; };
		5A9F770628E89514006B6679 /* Preview Assets.xcassets in Resources */ = {isa = PBXBuildFile; fileRef = 5A9F770528E89514006B6679 /* Preview Assets.xcassets */; };
		5AE4BA3728F0BBE0009DF670 /* PlanView.swift in Sources */ = {isa = PBXBuildFile; fileRef = 5AE4BA3628F0BBE0009DF670 /* PlanView.swift */; };
/* End PBXBuildFile section */

/* Begin PBXFileReference section */
		5A1DC9BB28F1D30B00E24B68 /* PlanRow.swift */ = {isa = PBXFileReference; lastKnownFileType = sourcecode.swift; path = PlanRow.swift; sourceTree = "<group>"; };
		5A1DC9BF28F1DE3C00E24B68 /* PlanService.swift */ = {isa = PBXFileReference; lastKnownFileType = sourcecode.swift; path = PlanService.swift; sourceTree = "<group>"; };
		5A1DC9C128F1DE4600E24B68 /* PlanItem.swift */ = {isa = PBXFileReference; lastKnownFileType = sourcecode.swift; path = PlanItem.swift; sourceTree = "<group>"; };
		5A5616C428F5FA5400832CC1 /* UnitType.swift */ = {isa = PBXFileReference; lastKnownFileType = sourcecode.swift; path = UnitType.swift; sourceTree = "<group>"; };
		5A5616C628F5FE1A00832CC1 /* Ingredient.swift */ = {isa = PBXFileReference; lastKnownFileType = sourcecode.swift; path = Ingredient.swift; sourceTree = "<group>"; };
		5A567B6B28E89B8D00DB6A6F /* Meal.swift */ = {isa = PBXFileReference; lastKnownFileType = sourcecode.swift; path = Meal.swift; sourceTree = "<group>"; };
		5A567B7B28E8BEE400DB6A6F /* MealService.swift */ = {isa = PBXFileReference; lastKnownFileType = sourcecode.swift; path = MealService.swift; sourceTree = "<group>"; };
		5A567B7F28E8C58100DB6A6F /* MealList.swift */ = {isa = PBXFileReference; lastKnownFileType = sourcecode.swift; path = MealList.swift; sourceTree = "<group>"; };
		5A567B8128E8C83600DB6A6F /* MealDetail.swift */ = {isa = PBXFileReference; lastKnownFileType = sourcecode.swift; path = MealDetail.swift; sourceTree = "<group>"; };
		5A9F76FB28E89513006B6679 /* mealy.app */ = {isa = PBXFileReference; explicitFileType = wrapper.application; includeInIndex = 0; path = mealy.app; sourceTree = BUILT_PRODUCTS_DIR; };
		5A9F76FE28E89513006B6679 /* mealyApp.swift */ = {isa = PBXFileReference; lastKnownFileType = sourcecode.swift; path = mealyApp.swift; sourceTree = "<group>"; };
		5A9F770028E89513006B6679 /* ContentView.swift */ = {isa = PBXFileReference; lastKnownFileType = sourcecode.swift; path = ContentView.swift; sourceTree = "<group>"; };
		5A9F770228E89514006B6679 /* Assets.xcassets */ = {isa = PBXFileReference; lastKnownFileType = folder.assetcatalog; path = Assets.xcassets; sourceTree = "<group>"; };
		5A9F770528E89514006B6679 /* Preview Assets.xcassets */ = {isa = PBXFileReference; lastKnownFileType = folder.assetcatalog; path = "Preview Assets.xcassets"; sourceTree = "<group>"; };
		5AE4BA3628F0BBE0009DF670 /* PlanView.swift */ = {isa = PBXFileReference; lastKnownFileType = sourcecode.swift; path = PlanView.swift; sourceTree = "<group>"; };
/* End PBXFileReference section */

/* Begin PBXFrameworksBuildPhase section */
		5A9F76F828E89513006B6679 /* Frameworks */ = {
			isa = PBXFrameworksBuildPhase;
			buildActionMask = 2147483647;
			files = (
			);
			runOnlyForDeploymentPostprocessing = 0;
		};
/* End PBXFrameworksBuildPhase section */

/* Begin PBXGroup section */
		5A1DC9B928F1D2CC00E24B68 /* Meal */ = {
			isa = PBXGroup;
			children = (
				5A567B7F28E8C58100DB6A6F /* MealList.swift */,
				5A567B8128E8C83600DB6A6F /* MealDetail.swift */,
				5A5616C428F5FA5400832CC1 /* UnitType.swift */,
			);
			path = Meal;
			sourceTree = "<group>";
		};
		5A1DC9BA28F1D2DC00E24B68 /* Plan */ = {
			isa = PBXGroup;
			children = (
				5AE4BA3628F0BBE0009DF670 /* PlanView.swift */,
				5A1DC9BB28F1D30B00E24B68 /* PlanRow.swift */,
			);
			path = Plan;
			sourceTree = "<group>";
		};
		5A567B6828E8998200DB6A6F /* Views */ = {
			isa = PBXGroup;
			children = (
				5A1DC9BA28F1D2DC00E24B68 /* Plan */,
				5A1DC9B928F1D2CC00E24B68 /* Meal */,
				5A9F770028E89513006B6679 /* ContentView.swift */,
			);
			path = Views;
			sourceTree = "<group>";
		};
		5A567B6928E8998C00DB6A6F /* Models */ = {
			isa = PBXGroup;
			children = (
				5A567B6B28E89B8D00DB6A6F /* Meal.swift */,
				5A1DC9C128F1DE4600E24B68 /* PlanItem.swift */,
				5A5616C628F5FE1A00832CC1 /* Ingredient.swift */,
			);
			path = Models;
			sourceTree = "<group>";
		};
		5A567B7A28E8BED400DB6A6F /* Adapters */ = {
			isa = PBXGroup;
			children = (
				5A567B7B28E8BEE400DB6A6F /* MealService.swift */,
				5A1DC9BF28F1DE3C00E24B68 /* PlanService.swift */,
			);
			path = Adapters;
			sourceTree = "<group>";
		};
		5A9F76F228E89513006B6679 = {
			isa = PBXGroup;
			children = (
				5A9F76FD28E89513006B6679 /* mealy */,
				5A9F76FC28E89513006B6679 /* Products */,
			);
			sourceTree = "<group>";
		};
		5A9F76FC28E89513006B6679 /* Products */ = {
			isa = PBXGroup;
			children = (
				5A9F76FB28E89513006B6679 /* mealy.app */,
			);
			name = Products;
			sourceTree = "<group>";
		};
		5A9F76FD28E89513006B6679 /* mealy */ = {
			isa = PBXGroup;
			children = (
				5A567B7A28E8BED400DB6A6F /* Adapters */,
				5A567B6928E8998C00DB6A6F /* Models */,
				5A567B6828E8998200DB6A6F /* Views */,
				5A9F76FE28E89513006B6679 /* mealyApp.swift */,
				5A9F770228E89514006B6679 /* Assets.xcassets */,
				5A9F770428E89514006B6679 /* Preview Content */,
			);
			path = mealy;
			sourceTree = "<group>";
		};
		5A9F770428E89514006B6679 /* Preview Content */ = {
			isa = PBXGroup;
			children = (
				5A9F770528E89514006B6679 /* Preview Assets.xcassets */,
			);
			path = "Preview Content";
			sourceTree = "<group>";
		};
/* End PBXGroup section */

/* Begin PBXNativeTarget section */
		5A9F76FA28E89513006B6679 /* mealy */ = {
			isa = PBXNativeTarget;
			buildConfigurationList = 5A9F770928E89514006B6679 /* Build configuration list for PBXNativeTarget "mealy" */;
			buildPhases = (
				5A9F76F728E89513006B6679 /* Sources */,
				5A9F76F828E89513006B6679 /* Frameworks */,
				5A9F76F928E89513006B6679 /* Resources */,
			);
			buildRules = (
			);
			dependencies = (
			);
			name = mealy;
			productName = mealy;
			productReference = 5A9F76FB28E89513006B6679 /* mealy.app */;
			productType = "com.apple.product-type.application";
		};
/* End PBXNativeTarget section */

/* Begin PBXProject section */
		5A9F76F328E89513006B6679 /* Project object */ = {
			isa = PBXProject;
			attributes = {
				BuildIndependentTargetsInParallel = 1;
				LastSwiftUpdateCheck = 1400;
				LastUpgradeCheck = 1400;
				TargetAttributes = {
					5A9F76FA28E89513006B6679 = {
						CreatedOnToolsVersion = 14.0.1;
					};
				};
			};
			buildConfigurationList = 5A9F76F628E89513006B6679 /* Build configuration list for PBXProject "mealy" */;
			compatibilityVersion = "Xcode 14.0";
			developmentRegion = en;
			hasScannedForEncodings = 0;
			knownRegions = (
				en,
				Base,
			);
			mainGroup = 5A9F76F228E89513006B6679;
			productRefGroup = 5A9F76FC28E89513006B6679 /* Products */;
			projectDirPath = "";
			projectRoot = "";
			targets = (
				5A9F76FA28E89513006B6679 /* mealy */,
			);
		};
/* End PBXProject section */

/* Begin PBXResourcesBuildPhase section */
		5A9F76F928E89513006B6679 /* Resources */ = {
			isa = PBXResourcesBuildPhase;
			buildActionMask = 2147483647;
			files = (
				5A9F770628E89514006B6679 /* Preview Assets.xcassets in Resources */,
				5A9F770328E89514006B6679 /* Assets.xcassets in Resources */,
			);
			runOnlyForDeploymentPostprocessing = 0;
		};
/* End PBXResourcesBuildPhase section */

/* Begin PBXSourcesBuildPhase section */
		5A9F76F728E89513006B6679 /* Sources */ = {
			isa = PBXSourcesBuildPhase;
			buildActionMask = 2147483647;
			files = (
				5A9F770128E89513006B6679 /* ContentView.swift in Sources */,
				5A567B6C28E89B8D00DB6A6F /* Meal.swift in Sources */,
				5A567B8028E8C58100DB6A6F /* MealList.swift in Sources */,
				5A5616C728F5FE1A00832CC1 /* Ingredient.swift in Sources */,
				5A1DC9C228F1DE4600E24B68 /* PlanItem.swift in Sources */,
				5A1DC9C028F1DE3C00E24B68 /* PlanService.swift in Sources */,
				5A567B8228E8C83600DB6A6F /* MealDetail.swift in Sources */,
				5A9F76FF28E89513006B6679 /* mealyApp.swift in Sources */,
				5A1DC9BC28F1D30B00E24B68 /* PlanRow.swift in Sources */,
				5A567B7C28E8BEE400DB6A6F /* MealService.swift in Sources */,
				5A5616C528F5FA5400832CC1 /* UnitType.swift in Sources */,
				5AE4BA3728F0BBE0009DF670 /* PlanView.swift in Sources */,
			);
			runOnlyForDeploymentPostprocessing = 0;
		};
/* End PBXSourcesBuildPhase section */

/* Begin XCBuildConfiguration section */
		5A9F770728E89514006B6679 /* Debug */ = {
			isa = XCBuildConfiguration;
			buildSettings = {
				ALWAYS_SEARCH_USER_PATHS = NO;
				CLANG_ANALYZER_NONNULL = YES;
				CLANG_ANALYZER_NUMBER_OBJECT_CONVERSION = YES_AGGRESSIVE;
				CLANG_CXX_LANGUAGE_STANDARD = "gnu++20";
				CLANG_ENABLE_MODULES = YES;
				CLANG_ENABLE_OBJC_ARC = YES;
				CLANG_ENABLE_OBJC_WEAK = YES;
				CLANG_WARN_BLOCK_CAPTURE_AUTORELEASING = YES;
				CLANG_WARN_BOOL_CONVERSION = YES;
				CLANG_WARN_COMMA = YES;
				CLANG_WARN_CONSTANT_CONVERSION = YES;
				CLANG_WARN_DEPRECATED_OBJC_IMPLEMENTATIONS = YES;
				CLANG_WARN_DIRECT_OBJC_ISA_USAGE = YES_ERROR;
				CLANG_WARN_DOCUMENTATION_COMMENTS = YES;
				CLANG_WARN_EMPTY_BODY = YES;
				CLANG_WARN_ENUM_CONVERSION = YES;
				CLANG_WARN_INFINITE_RECURSION = YES;
				CLANG_WARN_INT_CONVERSION = YES;
				CLANG_WARN_NON_LITERAL_NULL_CONVERSION = YES;
				CLANG_WARN_OBJC_IMPLICIT_RETAIN_SELF = YES;
				CLANG_WARN_OBJC_LITERAL_CONVERSION = YES;
				CLANG_WARN_OBJC_ROOT_CLASS = YES_ERROR;
				CLANG_WARN_QUOTED_INCLUDE_IN_FRAMEWORK_HEADER = YES;
				CLANG_WARN_RANGE_LOOP_ANALYSIS = YES;
				CLANG_WARN_STRICT_PROTOTYPES = YES;
				CLANG_WARN_SUSPICIOUS_MOVE = YES;
				CLANG_WARN_UNGUARDED_AVAILABILITY = YES_AGGRESSIVE;
				CLANG_WARN_UNREACHABLE_CODE = YES;
				CLANG_WARN__DUPLICATE_METHOD_MATCH = YES;
				COPY_PHASE_STRIP = NO;
				DEBUG_INFORMATION_FORMAT = dwarf;
				ENABLE_STRICT_OBJC_MSGSEND = YES;
				ENABLE_TESTABILITY = YES;
				GCC_C_LANGUAGE_STANDARD = gnu11;
				GCC_DYNAMIC_NO_PIC = NO;
				GCC_NO_COMMON_BLOCKS = YES;
				GCC_OPTIMIZATION_LEVEL = 0;
				GCC_PREPROCESSOR_DEFINITIONS = (
					"DEBUG=1",
					"$(inherited)",
				);
				GCC_WARN_64_TO_32_BIT_CONVERSION = YES;
				GCC_WARN_ABOUT_RETURN_TYPE = YES_ERROR;
				GCC_WARN_UNDECLARED_SELECTOR = YES;
				GCC_WARN_UNINITIALIZED_AUTOS = YES_AGGRESSIVE;
				GCC_WARN_UNUSED_FUNCTION = YES;
				GCC_WARN_UNUSED_VARIABLE = YES;
				IPHONEOS_DEPLOYMENT_TARGET = 16.0;
				MTL_ENABLE_DEBUG_INFO = INCLUDE_SOURCE;
				MTL_FAST_MATH = YES;
				ONLY_ACTIVE_ARCH = YES;
				SDKROOT = iphoneos;
				SWIFT_ACTIVE_COMPILATION_CONDITIONS = DEBUG;
				SWIFT_OPTIMIZATION_LEVEL = "-Onone";
			};
			name = Debug;
		};
		5A9F770828E89514006B6679 /* Release */ = {
			isa = XCBuildConfiguration;
			buildSettings = {
				ALWAYS_SEARCH_USER_PATHS = NO;
				CLANG_ANALYZER_NONNULL = YES;
				CLANG_ANALYZER_NUMBER_OBJECT_CONVERSION = YES_AGGRESSIVE;
				CLANG_CXX_LANGUAGE_STANDARD = "gnu++20";
				CLANG_ENABLE_MODULES = YES;
				CLANG_ENABLE_OBJC_ARC = YES;
				CLANG_ENABLE_OBJC_WEAK = YES;
				CLANG_WARN_BLOCK_CAPTURE_AUTORELEASING = YES;
				CLANG_WARN_BOOL_CONVERSION = YES;
				CLANG_WARN_COMMA = YES;
				CLANG_WARN_CONSTANT_CONVERSION = YES;
				CLANG_WARN_DEPRECATED_OBJC_IMPLEMENTATIONS = YES;
				CLANG_WARN_DIRECT_OBJC_ISA_USAGE = YES_ERROR;
				CLANG_WARN_DOCUMENTATION_COMMENTS = YES;
				CLANG_WARN_EMPTY_BODY = YES;
				CLANG_WARN_ENUM_CONVERSION = YES;
				CLANG_WARN_INFINITE_RECURSION = YES;
				CLANG_WARN_INT_CONVERSION = YES;
				CLANG_WARN_NON_LITERAL_NULL_CONVERSION = YES;
				CLANG_WARN_OBJC_IMPLICIT_RETAIN_SELF = YES;
				CLANG_WARN_OBJC_LITERAL_CONVERSION = YES;
				CLANG_WARN_OBJC_ROOT_CLASS = YES_ERROR;
				CLANG_WARN_QUOTED_INCLUDE_IN_FRAMEWORK_HEADER = YES;
				CLANG_WARN_RANGE_LOOP_ANALYSIS = YES;
				CLANG_WARN_STRICT_PROTOTYPES = YES;
				CLANG_WARN_SUSPICIOUS_MOVE = YES;
				CLANG_WARN_UNGUARDED_AVAILABILITY = YES_AGGRESSIVE;
				CLANG_WARN_UNREACHABLE_CODE = YES;
				CLANG_WARN__DUPLICATE_METHOD_MATCH = YES;
				COPY_PHASE_STRIP = NO;
				DEBUG_INFORMATION_FORMAT = "dwarf-with-dsym";
				ENABLE_NS_ASSERTIONS = NO;
				ENABLE_STRICT_OBJC_MSGSEND = YES;
				GCC_C_LANGUAGE_STANDARD = gnu11;
				GCC_NO_COMMON_BLOCKS = YES;
				GCC_WARN_64_TO_32_BIT_CONVERSION = YES;
				GCC_WARN_ABOUT_RETURN_TYPE = YES_ERROR;
				GCC_WARN_UNDECLARED_SELECTOR = YES;
				GCC_WARN_UNINITIALIZED_AUTOS = YES_AGGRESSIVE;
				GCC_WARN_UNUSED_FUNCTION = YES;
				GCC_WARN_UNUSED_VARIABLE = YES;
				IPHONEOS_DEPLOYMENT_TARGET = 16.0;
				MTL_ENABLE_DEBUG_INFO = NO;
				MTL_FAST_MATH = YES;
				SDKROOT = iphoneos;
				SWIFT_COMPILATION_MODE = wholemodule;
				SWIFT_OPTIMIZATION_LEVEL = "-O";
				VALIDATE_PRODUCT = YES;
			};
			name = Release;
		};
		5A9F770A28E89514006B6679 /* Debug */ = {
			isa = XCBuildConfiguration;
			buildSettings = {
				ASSETCATALOG_COMPILER_APPICON_NAME = AppIcon;
				"ASSETCATALOG_COMPILER_APPICON_NAME[sdk=iphoneos*]" = AppIcon;
				ASSETCATALOG_COMPILER_GLOBAL_ACCENT_COLOR_NAME = AccentColor;
				CODE_SIGN_STYLE = Automatic;
				CURRENT_PROJECT_VERSION = 1;
				DEVELOPMENT_ASSET_PATHS = "\"mealy/Preview Content\"";
				DEVELOPMENT_TEAM = V5CJ3339YJ;
				ENABLE_PREVIEWS = YES;
				GENERATE_INFOPLIST_FILE = YES;
				INFOPLIST_KEY_CFBundleDisplayName = Mealy;
				INFOPLIST_KEY_LSApplicationCategoryType = "public.app-category.food-and-drink";
				INFOPLIST_KEY_UIApplicationSceneManifest_Generation = YES;
				INFOPLIST_KEY_UIApplicationSupportsIndirectInputEvents = YES;
				INFOPLIST_KEY_UILaunchScreen_Generation = YES;
				INFOPLIST_KEY_UIStatusBarStyle = UIStatusBarStyleDarkContent;
				INFOPLIST_KEY_UISupportedInterfaceOrientations = UIInterfaceOrientationPortrait;
				INFOPLIST_KEY_UISupportedInterfaceOrientations_iPad = "UIInterfaceOrientationLandscapeLeft UIInterfaceOrientationLandscapeRight UIInterfaceOrientationPortrait UIInterfaceOrientationPortraitUpsideDown";
				LD_RUNPATH_SEARCH_PATHS = (
					"$(inherited)",
					"@executable_path/Frameworks",
				);
				MARKETING_VERSION = 1.0;
				PRODUCT_BUNDLE_IDENTIFIER = de.gaussian.mealy;
				PRODUCT_NAME = "$(TARGET_NAME)";
				SUPPORTED_PLATFORMS = "iphoneos iphonesimulator";
				SUPPORTS_MACCATALYST = NO;
				SUPPORTS_MAC_DESIGNED_FOR_IPHONE_IPAD = YES;
				SWIFT_EMIT_LOC_STRINGS = YES;
				SWIFT_VERSION = 5.0;
				TARGETED_DEVICE_FAMILY = 1;
			};
			name = Debug;
		};
		5A9F770B28E89514006B6679 /* Release */ = {
			isa = XCBuildConfiguration;
			buildSettings = {
				ASSETCATALOG_COMPILER_APPICON_NAME = AppIcon;
				ASSETCATALOG_COMPILER_GLOBAL_ACCENT_COLOR_NAME = AccentColor;
				CODE_SIGN_STYLE = Automatic;
				CURRENT_PROJECT_VERSION = 1;
				DEVELOPMENT_ASSET_PATHS = "\"mealy/Preview Content\"";
				DEVELOPMENT_TEAM = V5CJ3339YJ;
				ENABLE_PREVIEWS = YES;
				GENERATE_INFOPLIST_FILE = YES;
				INFOPLIST_KEY_CFBundleDisplayName = Mealy;
				INFOPLIST_KEY_LSApplicationCategoryType = "public.app-category.food-and-drink";
				INFOPLIST_KEY_UIApplicationSceneManifest_Generation = YES;
				INFOPLIST_KEY_UIApplicationSupportsIndirectInputEvents = YES;
				INFOPLIST_KEY_UILaunchScreen_Generation = YES;
				INFOPLIST_KEY_UIStatusBarStyle = UIStatusBarStyleDarkContent;
				INFOPLIST_KEY_UISupportedInterfaceOrientations = UIInterfaceOrientationPortrait;
				INFOPLIST_KEY_UISupportedInterfaceOrientations_iPad = "UIInterfaceOrientationLandscapeLeft UIInterfaceOrientationLandscapeRight UIInterfaceOrientationPortrait UIInterfaceOrientationPortraitUpsideDown";
				LD_RUNPATH_SEARCH_PATHS = (
					"$(inherited)",
					"@executable_path/Frameworks",
				);
				MARKETING_VERSION = 1.0;
				PRODUCT_BUNDLE_IDENTIFIER = de.gaussian.mealy;
				PRODUCT_NAME = "$(TARGET_NAME)";
				SUPPORTED_PLATFORMS = "iphoneos iphonesimulator";
				SUPPORTS_MACCATALYST = NO;
				SUPPORTS_MAC_DESIGNED_FOR_IPHONE_IPAD = YES;
				SWIFT_EMIT_LOC_STRINGS = YES;
				SWIFT_VERSION = 5.0;
				TARGETED_DEVICE_FAMILY = 1;
			};
			name = Release;
		};
/* End XCBuildConfiguration section */

/* Begin XCConfigurationList section */
		5A9F76F628E89513006B6679 /* Build configuration list for PBXProject "mealy" */ = {
			isa = XCConfigurationList;
			buildConfigurations = (
				5A9F770728E89514006B6679 /* Debug */,
				5A9F770828E89514006B6679 /* Release */,
			);
			defaultConfigurationIsVisible = 0;
			defaultConfigurationName = Release;
		};
		5A9F770928E89514006B6679 /* Build configuration list for PBXNativeTarget "mealy" */ = {
			isa = XCConfigurationList;
			buildConfigurations = (
				5A9F770A28E89514006B6679 /* Debug */,
				5A9F770B28E89514006B6679 /* Release */,
			);
			defaultConfigurationIsVisible = 0;
			defaultConfigurationName = Release;
		};
/* End XCConfigurationList section */
	};
	rootObject = 5A9F76F328E89513006B6679 /* Project object */;
}
